// !$*UTF8*$!
{
	archiveVersion = 1;
	classes = {
	};
	objectVersion = 46;
	objects = {

/* Begin PBXBuildFile section */
		131835761DF3555600577E1B /* BUSBeacon.m in Sources */ = {isa = PBXBuildFile; fileRef = 131835751DF3555600577E1B /* BUSBeacon.m */; };
		8041CE0E1DF2E07300C11BA2 /* main.m in Sources */ = {isa = PBXBuildFile; fileRef = 8041CE0D1DF2E07300C11BA2 /* main.m */; };
		8041CE111DF2E07300C11BA2 /* AppDelegate.m in Sources */ = {isa = PBXBuildFile; fileRef = 8041CE101DF2E07300C11BA2 /* AppDelegate.m */; };
		8041CE141DF2E07300C11BA2 /* ViewController.m in Sources */ = {isa = PBXBuildFile; fileRef = 8041CE131DF2E07300C11BA2 /* ViewController.m */; };
		8041CE171DF2E07300C11BA2 /* Main.storyboard in Resources */ = {isa = PBXBuildFile; fileRef = 8041CE151DF2E07300C11BA2 /* Main.storyboard */; };
		8041CE191DF2E07300C11BA2 /* Assets.xcassets in Resources */ = {isa = PBXBuildFile; fileRef = 8041CE181DF2E07300C11BA2 /* Assets.xcassets */; };
		8041CE1C1DF2E07300C11BA2 /* LaunchScreen.storyboard in Resources */ = {isa = PBXBuildFile; fileRef = 8041CE1A1DF2E07300C11BA2 /* LaunchScreen.storyboard */; };
		8041CE251DF2E13900C11BA2 /* iBeacon.png in Resources */ = {isa = PBXBuildFile; fileRef = 8041CE241DF2E13900C11BA2 /* iBeacon.png */; };
		8041CE281DF2FCFB00C11BA2 /* KontaktSDK.framework in Frameworks */ = {isa = PBXBuildFile; fileRef = 8041CE271DF2FCFB00C11BA2 /* KontaktSDK.framework */; };
		8041CE2C1DF3593500C11BA2 /* BUSArrowViewController.m in Sources */ = {isa = PBXBuildFile; fileRef = 8041CE2B1DF3593500C11BA2 /* BUSArrowViewController.m */; };
		8041CE2F1DF35ADF00C11BA2 /* BUSArrowIndicatorView.m in Sources */ = {isa = PBXBuildFile; fileRef = 8041CE2E1DF35ADF00C11BA2 /* BUSArrowIndicatorView.m */; };
		8041CE331DF35E4E00C11BA2 /* arrow.png in Resources */ = {isa = PBXBuildFile; fileRef = 8041CE321DF35E4E00C11BA2 /* arrow.png */; };
		8041CE351DF3602F00C11BA2 /* arrow_smaller_black.png in Resources */ = {isa = PBXBuildFile; fileRef = 8041CE341DF3602F00C11BA2 /* arrow_smaller_black.png */; };
		8041CE381DF3D11E00C11BA2 /* directions_2x.png in Resources */ = {isa = PBXBuildFile; fileRef = 8041CE371DF3D11E00C11BA2 /* directions_2x.png */; };
		8041CE3A1DF3D12500C11BA2 /* debug_2x.png in Resources */ = {isa = PBXBuildFile; fileRef = 8041CE391DF3D12500C11BA2 /* debug_2x.png */; };
		8041CE3C1DF3D3E900C11BA2 /* background_pattern@2x.png in Resources */ = {isa = PBXBuildFile; fileRef = 8041CE3B1DF3D3E900C11BA2 /* background_pattern@2x.png */; };
		8041CE3E1DF3D72700C11BA2 /* background_pattern-large.png in Resources */ = {isa = PBXBuildFile; fileRef = 8041CE3D1DF3D72700C11BA2 /* background_pattern-large.png */; };
/* End PBXBuildFile section */

/* Begin PBXFileReference section */
		131835741DF3555600577E1B /* BUSBeacon.h */ = {isa = PBXFileReference; fileEncoding = 4; lastKnownFileType = sourcecode.c.h; path = BUSBeacon.h; sourceTree = "<group>"; };
		131835751DF3555600577E1B /* BUSBeacon.m */ = {isa = PBXFileReference; fileEncoding = 4; lastKnownFileType = sourcecode.c.objc; path = BUSBeacon.m; sourceTree = "<group>"; };
		8041CE091DF2E07300C11BA2 /* BUStedDebug.app */ = {isa = PBXFileReference; explicitFileType = wrapper.application; includeInIndex = 0; path = BUStedDebug.app; sourceTree = BUILT_PRODUCTS_DIR; };
		8041CE0D1DF2E07300C11BA2 /* main.m */ = {isa = PBXFileReference; lastKnownFileType = sourcecode.c.objc; path = main.m; sourceTree = "<group>"; };
		8041CE0F1DF2E07300C11BA2 /* AppDelegate.h */ = {isa = PBXFileReference; lastKnownFileType = sourcecode.c.h; path = AppDelegate.h; sourceTree = "<group>"; };
		8041CE101DF2E07300C11BA2 /* AppDelegate.m */ = {isa = PBXFileReference; lastKnownFileType = sourcecode.c.objc; path = AppDelegate.m; sourceTree = "<group>"; };
		8041CE121DF2E07300C11BA2 /* ViewController.h */ = {isa = PBXFileReference; lastKnownFileType = sourcecode.c.h; path = ViewController.h; sourceTree = "<group>"; };
		8041CE131DF2E07300C11BA2 /* ViewController.m */ = {isa = PBXFileReference; lastKnownFileType = sourcecode.c.objc; path = ViewController.m; sourceTree = "<group>"; };
		8041CE161DF2E07300C11BA2 /* Base */ = {isa = PBXFileReference; lastKnownFileType = file.storyboard; name = Base; path = Base.lproj/Main.storyboard; sourceTree = "<group>"; };
		8041CE181DF2E07300C11BA2 /* Assets.xcassets */ = {isa = PBXFileReference; lastKnownFileType = folder.assetcatalog; path = Assets.xcassets; sourceTree = "<group>"; };
		8041CE1B1DF2E07300C11BA2 /* Base */ = {isa = PBXFileReference; lastKnownFileType = file.storyboard; name = Base; path = Base.lproj/LaunchScreen.storyboard; sourceTree = "<group>"; };
		8041CE1D1DF2E07300C11BA2 /* Info.plist */ = {isa = PBXFileReference; lastKnownFileType = text.plist.xml; path = Info.plist; sourceTree = "<group>"; };
		8041CE241DF2E13900C11BA2 /* iBeacon.png */ = {isa = PBXFileReference; lastKnownFileType = image.png; path = iBeacon.png; sourceTree = "<group>"; };
		8041CE271DF2FCFB00C11BA2 /* KontaktSDK.framework */ = {isa = PBXFileReference; lastKnownFileType = wrapper.framework; name = KontaktSDK.framework; path = Carthage/Build/iOS/KontaktSDK.framework; sourceTree = "<group>"; };
		8041CE2A1DF3593500C11BA2 /* BUSArrowViewController.h */ = {isa = PBXFileReference; fileEncoding = 4; lastKnownFileType = sourcecode.c.h; path = BUSArrowViewController.h; sourceTree = "<group>"; };
		8041CE2B1DF3593500C11BA2 /* BUSArrowViewController.m */ = {isa = PBXFileReference; fileEncoding = 4; lastKnownFileType = sourcecode.c.objc; path = BUSArrowViewController.m; sourceTree = "<group>"; };
		8041CE2D1DF35ADF00C11BA2 /* BUSArrowIndicatorView.h */ = {isa = PBXFileReference; fileEncoding = 4; lastKnownFileType = sourcecode.c.h; path = BUSArrowIndicatorView.h; sourceTree = "<group>"; };
		8041CE2E1DF35ADF00C11BA2 /* BUSArrowIndicatorView.m */ = {isa = PBXFileReference; fileEncoding = 4; lastKnownFileType = sourcecode.c.objc; path = BUSArrowIndicatorView.m; sourceTree = "<group>"; };
		8041CE321DF35E4E00C11BA2 /* arrow.png */ = {isa = PBXFileReference; lastKnownFileType = image.png; path = arrow.png; sourceTree = "<group>"; };
		8041CE341DF3602F00C11BA2 /* arrow_smaller_black.png */ = {isa = PBXFileReference; lastKnownFileType = image.png; path = arrow_smaller_black.png; sourceTree = "<group>"; };
		8041CE371DF3D11E00C11BA2 /* directions_2x.png */ = {isa = PBXFileReference; lastKnownFileType = image.png; path = directions_2x.png; sourceTree = "<group>"; };
		8041CE391DF3D12500C11BA2 /* debug_2x.png */ = {isa = PBXFileReference; lastKnownFileType = image.png; path = debug_2x.png; sourceTree = "<group>"; };
		8041CE3B1DF3D3E900C11BA2 /* background_pattern@2x.png */ = {isa = PBXFileReference; lastKnownFileType = image.png; path = "background_pattern@2x.png"; sourceTree = "<group>"; };
		8041CE3D1DF3D72700C11BA2 /* background_pattern-large.png */ = {isa = PBXFileReference; lastKnownFileType = image.png; path = "background_pattern-large.png"; sourceTree = "<group>"; };
/* End PBXFileReference section */

/* Begin PBXFrameworksBuildPhase section */
		8041CE061DF2E07300C11BA2 /* Frameworks */ = {
			isa = PBXFrameworksBuildPhase;
			buildActionMask = 2147483647;
			files = (
				8041CE281DF2FCFB00C11BA2 /* KontaktSDK.framework in Frameworks */,
			);
			runOnlyForDeploymentPostprocessing = 0;
		};
/* End PBXFrameworksBuildPhase section */

/* Begin PBXGroup section */
		8041CE001DF2E07300C11BA2 = {
			isa = PBXGroup;
			children = (
				8041CE0B1DF2E07300C11BA2 /* BUStedDebug */,
				8041CE0A1DF2E07300C11BA2 /* Products */,
				8041CE261DF2FCFA00C11BA2 /* Frameworks */,
			);
			sourceTree = "<group>";
		};
		8041CE0A1DF2E07300C11BA2 /* Products */ = {
			isa = PBXGroup;
			children = (
				8041CE091DF2E07300C11BA2 /* BUStedDebug.app */,
			);
			name = Products;
			sourceTree = "<group>";
		};
		8041CE0B1DF2E07300C11BA2 /* BUStedDebug */ = {
			isa = PBXGroup;
			children = (
				8041CE0F1DF2E07300C11BA2 /* AppDelegate.h */,
				8041CE101DF2E07300C11BA2 /* AppDelegate.m */,
				8041CE121DF2E07300C11BA2 /* ViewController.h */,
				8041CE131DF2E07300C11BA2 /* ViewController.m */,
				8041CE151DF2E07300C11BA2 /* Main.storyboard */,
				8041CE181DF2E07300C11BA2 /* Assets.xcassets */,
				8041CE1A1DF2E07300C11BA2 /* LaunchScreen.storyboard */,
				8041CE1D1DF2E07300C11BA2 /* Info.plist */,
				8041CE0C1DF2E07300C11BA2 /* Supporting Files */,
				131835741DF3555600577E1B /* BUSBeacon.h */,
				131835751DF3555600577E1B /* BUSBeacon.m */,
				8041CE2A1DF3593500C11BA2 /* BUSArrowViewController.h */,
				8041CE2B1DF3593500C11BA2 /* BUSArrowViewController.m */,
				8041CE2D1DF35ADF00C11BA2 /* BUSArrowIndicatorView.h */,
				8041CE2E1DF35ADF00C11BA2 /* BUSArrowIndicatorView.m */,
			);
			path = BUStedDebug;
			sourceTree = "<group>";
		};
		8041CE0C1DF2E07300C11BA2 /* Supporting Files */ = {
			isa = PBXGroup;
			children = (
				8041CE231DF2E12B00C11BA2 /* Images */,
				8041CE0D1DF2E07300C11BA2 /* main.m */,
			);
			name = "Supporting Files";
			sourceTree = "<group>";
		};
		8041CE231DF2E12B00C11BA2 /* Images */ = {
			isa = PBXGroup;
			children = (
				8041CE361DF3D10800C11BA2 /* TapBar */,
				8041CE321DF35E4E00C11BA2 /* arrow.png */,
				8041CE3D1DF3D72700C11BA2 /* background_pattern-large.png */,
				8041CE3B1DF3D3E900C11BA2 /* background_pattern@2x.png */,
				8041CE241DF2E13900C11BA2 /* iBeacon.png */,
				8041CE341DF3602F00C11BA2 /* arrow_smaller_black.png */,
			);
			name = Images;
			sourceTree = "<group>";
		};
		8041CE261DF2FCFA00C11BA2 /* Frameworks */ = {
			isa = PBXGroup;
			children = (
				8041CE271DF2FCFB00C11BA2 /* KontaktSDK.framework */,
			);
			name = Frameworks;
			sourceTree = "<group>";
		};
		8041CE361DF3D10800C11BA2 /* TapBar */ = {
			isa = PBXGroup;
			children = (
				8041CE391DF3D12500C11BA2 /* debug_2x.png */,
				8041CE371DF3D11E00C11BA2 /* directions_2x.png */,
			);
			name = TapBar;
			sourceTree = "<group>";
		};
/* End PBXGroup section */

/* Begin PBXNativeTarget section */
		8041CE081DF2E07300C11BA2 /* BUStedDebug */ = {
			isa = PBXNativeTarget;
			buildConfigurationList = 8041CE201DF2E07300C11BA2 /* Build configuration list for PBXNativeTarget "BUStedDebug" */;
			buildPhases = (
				8041CE051DF2E07300C11BA2 /* Sources */,
				8041CE061DF2E07300C11BA2 /* Frameworks */,
				8041CE071DF2E07300C11BA2 /* Resources */,
				8041CE291DF2FD1900C11BA2 /* ShellScript */,
			);
			buildRules = (
			);
			dependencies = (
			);
			name = BUStedDebug;
			productName = BUStedDebug;
			productReference = 8041CE091DF2E07300C11BA2 /* BUStedDebug.app */;
			productType = "com.apple.product-type.application";
		};
/* End PBXNativeTarget section */

/* Begin PBXProject section */
		8041CE011DF2E07300C11BA2 /* Project object */ = {
			isa = PBXProject;
			attributes = {
				LastUpgradeCheck = 0800;
				ORGANIZATIONNAME = "Lukas Fritzsche";
				TargetAttributes = {
					8041CE081DF2E07300C11BA2 = {
						CreatedOnToolsVersion = 8.0;
						DevelopmentTeam = CDBRASB58Y;
						ProvisioningStyle = Automatic;
					};
				};
			};
			buildConfigurationList = 8041CE041DF2E07300C11BA2 /* Build configuration list for PBXProject "BUStedDebug" */;
			compatibilityVersion = "Xcode 3.2";
			developmentRegion = English;
			hasScannedForEncodings = 0;
			knownRegions = (
				en,
				Base,
			);
			mainGroup = 8041CE001DF2E07300C11BA2;
			productRefGroup = 8041CE0A1DF2E07300C11BA2 /* Products */;
			projectDirPath = "";
			projectRoot = "";
			targets = (
				8041CE081DF2E07300C11BA2 /* BUStedDebug */,
			);
		};
/* End PBXProject section */

/* Begin PBXResourcesBuildPhase section */
		8041CE071DF2E07300C11BA2 /* Resources */ = {
			isa = PBXResourcesBuildPhase;
			buildActionMask = 2147483647;
			files = (
				8041CE351DF3602F00C11BA2 /* arrow_smaller_black.png in Resources */,
				8041CE331DF35E4E00C11BA2 /* arrow.png in Resources */,
				8041CE1C1DF2E07300C11BA2 /* LaunchScreen.storyboard in Resources */,
				8041CE191DF2E07300C11BA2 /* Assets.xcassets in Resources */,
				8041CE3E1DF3D72700C11BA2 /* background_pattern-large.png in Resources */,
				8041CE3C1DF3D3E900C11BA2 /* background_pattern@2x.png in Resources */,
				8041CE381DF3D11E00C11BA2 /* directions_2x.png in Resources */,
				8041CE251DF2E13900C11BA2 /* iBeacon.png in Resources */,
				8041CE171DF2E07300C11BA2 /* Main.storyboard in Resources */,
				8041CE3A1DF3D12500C11BA2 /* debug_2x.png in Resources */,
			);
			runOnlyForDeploymentPostprocessing = 0;
		};
/* End PBXResourcesBuildPhase section */

/* Begin PBXShellScriptBuildPhase section */
		8041CE291DF2FD1900C11BA2 /* ShellScript */ = {
			isa = PBXShellScriptBuildPhase;
			buildActionMask = 2147483647;
			files = (
			);
			inputPaths = (
				"$(SRCROOT)/Carthage/Build/iOS/KontaktSDK.framework",
			);
			outputPaths = (
			);
			runOnlyForDeploymentPostprocessing = 0;
			shellPath = /bin/sh;
			shellScript = "/usr/local/bin/carthage copy-frameworks";
		};
/* End PBXShellScriptBuildPhase section */

/* Begin PBXSourcesBuildPhase section */
		8041CE051DF2E07300C11BA2 /* Sources */ = {
			isa = PBXSourcesBuildPhase;
			buildActionMask = 2147483647;
			files = (
				131835761DF3555600577E1B /* BUSBeacon.m in Sources */,
				8041CE141DF2E07300C11BA2 /* ViewController.m in Sources */,
				8041CE2F1DF35ADF00C11BA2 /* BUSArrowIndicatorView.m in Sources */,
				8041CE111DF2E07300C11BA2 /* AppDelegate.m in Sources */,
				8041CE2C1DF3593500C11BA2 /* BUSArrowViewController.m in Sources */,
				8041CE0E1DF2E07300C11BA2 /* main.m in Sources */,
			);
			runOnlyForDeploymentPostprocessing = 0;
		};
/* End PBXSourcesBuildPhase section */

/* Begin PBXVariantGroup section */
		8041CE151DF2E07300C11BA2 /* Main.storyboard */ = {
			isa = PBXVariantGroup;
			children = (
				8041CE161DF2E07300C11BA2 /* Base */,
			);
			name = Main.storyboard;
			sourceTree = "<group>";
		};
		8041CE1A1DF2E07300C11BA2 /* LaunchScreen.storyboard */ = {
			isa = PBXVariantGroup;
			children = (
				8041CE1B1DF2E07300C11BA2 /* Base */,
			);
			name = LaunchScreen.storyboard;
			sourceTree = "<group>";
		};
/* End PBXVariantGroup section */

/* Begin XCBuildConfiguration section */
		8041CE1E1DF2E07300C11BA2 /* Debug */ = {
			isa = XCBuildConfiguration;
			buildSettings = {
				ALWAYS_SEARCH_USER_PATHS = NO;
				CLANG_ANALYZER_NONNULL = YES;
				CLANG_CXX_LANGUAGE_STANDARD = "gnu++0x";
				CLANG_CXX_LIBRARY = "libc++";
				CLANG_ENABLE_MODULES = YES;
				CLANG_ENABLE_OBJC_ARC = YES;
				CLANG_WARN_BOOL_CONVERSION = YES;
				CLANG_WARN_CONSTANT_CONVERSION = YES;
				CLANG_WARN_DIRECT_OBJC_ISA_USAGE = YES_ERROR;
				CLANG_WARN_DOCUMENTATION_COMMENTS = YES;
				CLANG_WARN_EMPTY_BODY = YES;
				CLANG_WARN_ENUM_CONVERSION = YES;
				CLANG_WARN_INFINITE_RECURSION = YES;
				CLANG_WARN_INT_CONVERSION = YES;
				CLANG_WARN_OBJC_ROOT_CLASS = YES_ERROR;
				CLANG_WARN_SUSPICIOUS_MOVES = YES;
				CLANG_WARN_UNREACHABLE_CODE = YES;
				CLANG_WARN__DUPLICATE_METHOD_MATCH = YES;
				"CODE_SIGN_IDENTITY[sdk=iphoneos*]" = "iPhone Developer";
				COPY_PHASE_STRIP = NO;
				DEBUG_INFORMATION_FORMAT = dwarf;
				ENABLE_STRICT_OBJC_MSGSEND = YES;
				ENABLE_TESTABILITY = YES;
				GCC_C_LANGUAGE_STANDARD = gnu99;
				GCC_DYNAMIC_NO_PIC = NO;
				GCC_NO_COMMON_BLOCKS = YES;
				GCC_OPTIMIZATION_LEVEL = 0;
				GCC_PREPROCESSOR_DEFINITIONS = (
					"DEBUG=1",
					"$(inherited)",
				);
				GCC_WARN_64_TO_32_BIT_CONVERSION = YES;
				GCC_WARN_ABOUT_RETURN_TYPE = YES_ERROR;
				GCC_WARN_UNDECLARED_SELECTOR = YES;
				GCC_WARN_UNINITIALIZED_AUTOS = YES_AGGRESSIVE;
				GCC_WARN_UNUSED_FUNCTION = YES;
				GCC_WARN_UNUSED_VARIABLE = YES;
				IPHONEOS_DEPLOYMENT_TARGET = 10.0;
				MTL_ENABLE_DEBUG_INFO = YES;
				ONLY_ACTIVE_ARCH = YES;
				SDKROOT = iphoneos;
				TARGETED_DEVICE_FAMILY = "1,2";
			};
			name = Debug;
		};
		8041CE1F1DF2E07300C11BA2 /* Release */ = {
			isa = XCBuildConfiguration;
			buildSettings = {
				ALWAYS_SEARCH_USER_PATHS = NO;
				CLANG_ANALYZER_NONNULL = YES;
				CLANG_CXX_LANGUAGE_STANDARD = "gnu++0x";
				CLANG_CXX_LIBRARY = "libc++";
				CLANG_ENABLE_MODULES = YES;
				CLANG_ENABLE_OBJC_ARC = YES;
				CLANG_WARN_BOOL_CONVERSION = YES;
				CLANG_WARN_CONSTANT_CONVERSION = YES;
				CLANG_WARN_DIRECT_OBJC_ISA_USAGE = YES_ERROR;
				CLANG_WARN_DOCUMENTATION_COMMENTS = YES;
				CLANG_WARN_EMPTY_BODY = YES;
				CLANG_WARN_ENUM_CONVERSION = YES;
				CLANG_WARN_INFINITE_RECURSION = YES;
				CLANG_WARN_INT_CONVERSION = YES;
				CLANG_WARN_OBJC_ROOT_CLASS = YES_ERROR;
				CLANG_WARN_SUSPICIOUS_MOVES = YES;
				CLANG_WARN_UNREACHABLE_CODE = YES;
				CLANG_WARN__DUPLICATE_METHOD_MATCH = YES;
				"CODE_SIGN_IDENTITY[sdk=iphoneos*]" = "iPhone Developer";
				COPY_PHASE_STRIP = NO;
				DEBUG_INFORMATION_FORMAT = "dwarf-with-dsym";
				ENABLE_NS_ASSERTIONS = NO;
				ENABLE_STRICT_OBJC_MSGSEND = YES;
				GCC_C_LANGUAGE_STANDARD = gnu99;
				GCC_NO_COMMON_BLOCKS = YES;
				GCC_WARN_64_TO_32_BIT_CONVERSION = YES;
				GCC_WARN_ABOUT_RETURN_TYPE = YES_ERROR;
				GCC_WARN_UNDECLARED_SELECTOR = YES;
				GCC_WARN_UNINITIALIZED_AUTOS = YES_AGGRESSIVE;
				GCC_WARN_UNUSED_FUNCTION = YES;
				GCC_WARN_UNUSED_VARIABLE = YES;
				IPHONEOS_DEPLOYMENT_TARGET = 10.0;
				MTL_ENABLE_DEBUG_INFO = NO;
				SDKROOT = iphoneos;
				TARGETED_DEVICE_FAMILY = "1,2";
				VALIDATE_PRODUCT = YES;
			};
			name = Release;
		};
		8041CE211DF2E07300C11BA2 /* Debug */ = {
			isa = XCBuildConfiguration;
			buildSettings = {
				ASSETCATALOG_COMPILER_APPICON_NAME = AppIcon;
				"CODE_SIGN_IDENTITY[sdk=iphoneos*]" = "iPhone Developer";
				DEVELOPMENT_TEAM = CDBRASB58Y;
				FRAMEWORK_SEARCH_PATHS = (
					"$(inherited)",
					"$(PROJECT_DIR)/Carthage/Build/iOS",
				);
				INFOPLIST_FILE = BUStedDebug/Info.plist;
				IPHONEOS_DEPLOYMENT_TARGET = 9.0;
				LD_RUNPATH_SEARCH_PATHS = "$(inherited) @executable_path/Frameworks";
				PRODUCT_BUNDLE_IDENTIFIER = "com.lukas-fritzsche.BUStedDebug";
				PRODUCT_NAME = "$(TARGET_NAME)";
				PROVISIONING_PROFILE = "";
				PROVISIONING_PROFILE_SPECIFIER = "";
				TARGETED_DEVICE_FAMILY = "1,2";
			};
			name = Debug;
		};
		8041CE221DF2E07300C11BA2 /* Release */ = {
			isa = XCBuildConfiguration;
			buildSettings = {
				ASSETCATALOG_COMPILER_APPICON_NAME = AppIcon;
				"CODE_SIGN_IDENTITY[sdk=iphoneos*]" = "iPhone Developer";
				DEVELOPMENT_TEAM = CDBRASB58Y;
				FRAMEWORK_SEARCH_PATHS = (
					"$(inherited)",
					"$(PROJECT_DIR)/Carthage/Build/iOS",
				);
				INFOPLIST_FILE = BUStedDebug/Info.plist;
				IPHONEOS_DEPLOYMENT_TARGET = 9.0;
				LD_RUNPATH_SEARCH_PATHS = "$(inherited) @executable_path/Frameworks";
				PRODUCT_BUNDLE_IDENTIFIER = "com.lukas-fritzsche.BUStedDebug";
				PRODUCT_NAME = "$(TARGET_NAME)";
				TARGETED_DEVICE_FAMILY = "1,2";
			};
			name = Release;
		};
/* End XCBuildConfiguration section */

/* Begin XCConfigurationList section */
		8041CE041DF2E07300C11BA2 /* Build configuration list for PBXProject "BUStedDebug" */ = {
			isa = XCConfigurationList;
			buildConfigurations = (
				8041CE1E1DF2E07300C11BA2 /* Debug */,
				8041CE1F1DF2E07300C11BA2 /* Release */,
			);
			defaultConfigurationIsVisible = 0;
			defaultConfigurationName = Release;
		};
		8041CE201DF2E07300C11BA2 /* Build configuration list for PBXNativeTarget "BUStedDebug" */ = {
			isa = XCConfigurationList;
			buildConfigurations = (
				8041CE211DF2E07300C11BA2 /* Debug */,
				8041CE221DF2E07300C11BA2 /* Release */,
			);
			defaultConfigurationIsVisible = 0;
			defaultConfigurationName = Release;
		};
/* End XCConfigurationList section */
	};
	rootObject = 8041CE011DF2E07300C11BA2 /* Project object */;
}
